{
  "nodes": {
    "catppuccin": {
      "inputs": {
        "nixpkgs": [
          "nixpkgs"
        ]
      },
      "locked": {
        "lastModified": 1757997145,
        "narHash": "sha256-0yHq/aazc6ahuWCNJU7H7+I8WV4vM6ALFQyRuQPa38o=",
        "owner": "NikSneMC",
        "repo": "catppuccin-nix",
        "rev": "8ca4a50923b826707619090235ce73b6913bdbcc",
        "type": "github"
      },
      "original": {
        "owner": "NikSneMC",
        "repo": "catppuccin-nix",
        "type": "github"
      }
    },
    "home-manager": {
      "inputs": {
        "nixpkgs": [
          "nixpkgs"
        ]
      },
      "locked": {
        "lastModified": 1758288820,
        "narHash": "sha256-ubyO7Ly6NSFN5GgNTEuoIavBFMZOMcRchSTIXiDVtAI=",
        "owner": "nix-community",
        "repo": "home-manager",
        "rev": "e38751933802481b37fee1f9251cbb86e63df381",
        "type": "github"
      },
      "original": {
        "owner": "nix-community",
        "repo": "home-manager",
        "type": "github"
      }
    },
    "nixpkgs": {
      "locked": {
        "lastModified": 1755027561,
        "narHash": "sha256-IVft239Bc8p8Dtvf7UAACMG5P3ZV+3/aO28gXpGtMXI=",
        "owner": "NixOS",
        "repo": "nixpkgs",
        "rev": "005433b926e16227259a1843015b5b2b7f7d1fc3",
        "type": "github"
      },
      "original": {
        "owner": "nixos",
        "ref": "nixos-unstable",
        "repo": "nixpkgs",
        "type": "github"
      }
    },
    "root": {
      "inputs": {
        "catppuccin": "catppuccin",
        "home-manager": "home-manager",
        "nixpkgs": "nixpkgs",
        "zen-browser": "zen-browser"
      }
    },
    "zen-browser": {
      "inputs": {
        "nixpkgs": [
          "nixpkgs"
        ]
      },
      "locked": {
        "lastModified": 1758244260,
        "narHash": "sha256-04RUWI9Chzyvpg71iJ8DSu7v9QWgSMDk7g3ZQC4KPOA=",
        "owner": "NikSneMC",
        "repo": "zen-browser-flake",
        "rev": "ed94966c5467c14e8774f942884445d96f4c3e4b",
        "type": "github"
      },
      "original": {
        "owner": "NikSneMC",
        "repo": "zen-browser-flake",
        "type": "github"
      }
    }
  },
  "root": "root",
  "version": 7
}
